version: 1
checksums:
  0884b207ec9c4eb1812075c56fe89f6a:
    appTitle: 5419e5f2637bf134d8d248b708ca93d6
    navLibrary: 512895070bcbba02f534d584e7028ef4
    navDictionary: 7a799edef739a367396b606b7da906a2
    navVocabulary: 2c8127af4c194fa05463e82d5e414c62
    navSettings: 8df6777277469c1fd88cc18dde2f1cc3
    commonHelp: 62712a1f2fcef75e399e9a9a9ddbd495
    commonImport: 348b8ab981de5b7f1fca6d7302263bbd
    commonOpenNow: a071ce7ff2ba234a42549d7e568e12f8
    commonCancel: 2e2a849c2223911717de8caa2c71bade
    commonClose: 2c2e22f8424a1031de89063bd0022e16
    commonSave: f7a2929f33bc420195e59ac5a8bcd454
    commonDelete: 8bcf303dd10a645b5baacb02b47d72c9
    commonDownload: 56b7d0834952b39ee394b44bd8179178
    commonOpenDictionary: 47e2a63930e26c680fbf982711349f26
    commonManageDictionaries: 4361143359c6b2686463fd01294f6269
    commonClearAll: 854be0c051e4a3491a2cdd9dd8c1b4d5
    commonClearSearch: 0ee4a80abe134b7edd90c74f03638877
    commonSearch: 49dd6c21604b5e8d4153ff1aff2177e1
    commonBack: f541015a827e37cb3b1234e56bc2aa3c
    commonRetry: 6e44d18639560596569a1278f9c83676
    commonOk: e2d6579a83aba07c4180c21c5fe9893d
    commonDone: ffd408fa29d5bc9039ef8ea1b9b699bb
    commonUndo: 6fa10b811e2894dcdd73718f66c1b481
    commonUnlock: 7641f077222283cbded112429a3e625d
    commonOpenSettings: 8eaaab83f5a8c5e90df8322ecd5f25d6
    commonGotIt: 6359071421abf7a7dbf4181c22bd79d2
    commonErrorWithDetails: 8c18d13844a51edcc1b50ea223b5d2f7
    librarySortTooltip: f76e9fe86bac7bcf0bd29c80ccbf321a
    libraryEmptyTitle: a1a772847a27c12416e1d6b8211cd22d
    libraryEmptySubtitle: 1817d3559dc4b1dbcc4de22b24bf329d
    libraryImportEpub: f94baf3b613973218b96a23572fa1c41
    libraryImportManga: 8b9412e52122646311e81c14a4b1204c
    libraryGetDictionaries: 5ce84aabf0f9fb057137c3d613d0201c
    libraryRestoreBackup: 4216793859a8ae80bcc641ff6d65d51f
    librarySupportedMediaTitle: cb345dea1794d64484788de59157acd1
    libraryEpubBooksTitle: 61dc3872b6afd78295de223ef89e6d6c
    libraryEpubBooksDescription: 6838ad13e95382548857ed87bcf32dc9
    libraryMokuroTitle: a0b5565a2536721c74f12afb5ad9e969
    libraryMokuroDescription: 94eda3a99376734546aeac27cd059ae8
    libraryMokuroFormatDescription: 13985cad316d6d4ac6f5971fd2fe614d
    libraryLearnHowToCreateMokuroFiles: 592459f858c036f390ba95788aafd2a9
    librarySortBy: 8adf3dbc5668379558957662f0c43563
    librarySortDateImported: 4e186a00e98d34d79e5ddeb96bc1b4fd
    librarySortRecentlyRead: 93a479500bda4330a8c927898cede5ce
    librarySortAlphabetical: 5fcfeff9c5fd28714f0a390e0ddaaaee
    libraryImportTitle: 348b8ab981de5b7f1fca6d7302263bbd
    libraryImportEpubSubtitle: 213b9c975773a8687306f400df769d8c
    libraryImportMangaSubtitle: 8f3f7ea55a2cc7696a2194c140f136a3
    libraryImportMangaTitle: 8b9412e52122646311e81c14a4b1204c
    libraryImportMangaDescription: 3e64c6cdc1736d8f3a6a84ce73658932
    libraryImportMokuroFolder: ff41b4185290cb3ed9274e4ed0154295
    libraryImportMokuroFolderSubtitle: 52398dd0d9e3d1a854c02c8f4b16846e
    libraryWhatIsMokuro: 442dbc6e467aeb147cbcfdb6c49bfc2b
    libraryImportCbzArchive: b36eaf1ff588885c24c93e0d24b4575b
    libraryImportCbzArchiveSubtitle: 9a9c1f4712170a6b50a4b273f02295d7
    libraryImportedWithoutOcrMessage: 2a39db12fb2862163ea74dfcff036492
    libraryCouldNotOpenMokuroProjectPage: 77410abfbb64ec0eabac26f4ea0d04dc
    libraryNoMangaManifestFound: 14341b22bad2f62568a48e71bd0ea562
    librarySelectMangaFolder: 892ec1121c86ced9640805fe04364547
    librarySelectedFolder: f26dd7b4893a28a442bfc6f9c121fe73
    libraryMangaFilesFound: 237b931da5f379098a9545ff7acac828
    dictionarySearchHint: ac75432419b5311adaea32461c8dc8a1
    dictionaryNoDictionariesTitle: 28055e52fbd4ccb0affccd50fae6ee3c
    dictionaryNoDictionariesSubtitle: d3f6d79898ac5dbc8a7ade85a6c8cc19
    dictionaryRecommendedStarterPack: 864fdbc94631fb2bc9682a557ab26c74
    dictionaryNoEnabledTitle: 434c6053d5016b71abe5aae5c5f962f7
    dictionaryNoEnabledSubtitle: 0210d479aedc6cf163938131011b1073
    dictionaryEnableDictionaries: 401588182ad9c13e4502c148c8eec12b
    dictionaryStarterPack: d3dec979bece4a1115aa509f2fc24d90
    dictionaryNoResultsFound: 8e37a23d37d7b4f501a20991a0d311ea
    dictionarySearchForAWord: 0a6be8349580c25108ad710754ebab1f
    dictionarySearchForAWordSubtitle: 09755a361ef05df8beea0cfb3b68af9b
    dictionaryRecent: 2cef23d0cf0a6cabe9b8cf749549d6c7
    dictionarySavedWord: d23526780a0144ac5dc14fb724b208b3
    dictionaryWordAlreadyExistsInVocab: 789ca8733c5b1add11041d796037b0e0
    dictionaryCopiedWord: 15c65a7638fa20018838133cdece1fd6
    dictionaryWordAlreadyExistsInAnki: 94098458d7fc5c1fcdb16b565ee2b451
    dictionaryAddedToAnki: 72b325e3bd490886802d0b8e60a20fed
    dictionaryCopyTooltip: 627c00d2c850b9b45f7341a6ac01b6bb
    dictionaryAlreadyInAnkiTooltip: dc19c40bb29d0dc1929b7fa06adce6e0
    dictionaryCheckingAnkiTooltip: b65ee48bd575a3bb5a6b82c34026e5b0
    dictionarySendToAnkiTooltip: fd1f1c59d1090c57833d4326e6b5928a
    dictionaryAlreadyInVocabTooltip: cf0ac8bb09fb51d2208e11b7f2884745
    dictionarySaveToVocabularyTooltip: bf2b9f38b7d0f6c530e313086f291aca
    dictionaryVeryCommon: 59c95bca0655b3eed84250df2ca59c85
    dictionaryOnyomiLabel: a4906ee11d45798f2897b86303665e1c
    dictionaryKunyomiLabel: 884049d86a4565e741834099fb5ca47f
    dictionaryKanjiStrokeCount: 9c2286a9632556cb0d9c1657dea94438
    dictionaryAnimateStrokeOrderTooltip: 5df4363866d7f67017fe0a24a52ac868
    vocabularySearchSavedWordsHint: e5bcb7f012956a90c0f59717c141a287
    vocabularyExportCsvTooltip: 45e3c7a805c43d7142192a7cdc0135c9
    vocabularyEmptyTitle: f6c6a57c8cbfe2a759404109cfb2772b
    vocabularyEmptySubtitle: 1b397ba1c83815baa71708d29d222414
    vocabularyNoMatches: 59a834cd74b0f73396da1b7680d2e49d
    vocabularyNoMatchesSubtitle: 054f81c0ff997b02dc2ededf9df84f3f
    vocabularySelectedCount: e0cafa74c97b9acbc3da9345fa7d8d84
    vocabularyDeselectAllTooltip: facf8871b2e84a454c6bfe40c2821922
    vocabularySelectAllTooltip: eedc7cdb02de467c15dc418a066a77f2
    vocabularyExportSelectedTooltip: a64cc0652b38d19ca9b384622fa6e94b
    vocabularyNoDefinition: 98ebf9984666cd8b2a7de1056bbf2632
    vocabularyContextLabel: e4227fd5e0bd6c7b733e3b97297eb3cf
    vocabularyAddedOn: b892d33a04553de91d1da6cd21e3da95
    vocabularyDeletedWord: fdfa0c4ecbf1acc295d349fbe24742a0
    ocrPagesProgress: 0e8c47f5d22fc78f8fe7bf5668aa1cca
    ocrEtaSecondsRemaining: 8345d060780ddaf1e0b2b3c1a4d9eb4d
    ocrEtaMinutesRemaining: e6a5a94ae63d4eb25fbcf350e288df09
    ocrEtaHoursMinutesRemaining: 89a339f4d00447ba1a2d5569d5e8da11
    ocrPaused: 0d8eab1d44793b48fd75001e9dccabd4
    ocrComplete: 21546036ab9fb9804bf24508f8fe6844
    ocrFailed: 092983f59ee095c0a07130c02d24dfc9
    ocrTapForDetails: 5baa6ca5e570c9e332b67dce9ffff661
    ocrCustomServerRequiredTitle: 9cb912a8787ae2bb34d7b5ef3a1b1301
    ocrCustomServerRequiredBody: 583f2fca67f44cf2a7adc7acca633d77
    ocrCustomServerKeyRequiredTitle: 4bc14df8aecc0d116b63b825e1a499dd
    ocrCustomServerKeyRequiredBody: 2cefaad1292cc3a22aa2cd331404b7b2
    proTitle: 682b3c9feab30112b4454cb5bb7974b1
    proPurchaseConfirmed: 5250e05a54931e1f85c526416eccc34f
    proUnlockOnceTitle: 88137d72d1b9d3a6539d1ec78134e614
    proStatusUnlocked: 7bedb42ceeb989efa04e501555caadb3
    proStatusLocked: 30950d887a19841aa481091affd091e6
    proUnlockDescription: ecd0af890388df5ce046b4b0092f020b
    proRestorePurchase: ae3d68c4f73897434ce55259580fa21a
    proFeatureAutoCropTitle: da6a9739b4f2e633743bfd3c12687fb3
    proFeatureAutoCropDescription: d18bc1a71be54c329ad3c7a98ce13758
    proFeatureHighlightsTitle: de23a75993e2c7c4e80ad51686c6cf7e
    proFeatureHighlightsDescription: a11bfe9ee8ce237e04461d1800c44a71
    proFeatureCustomOcrTitle: d9596821303f78f80b7138eb18ade979
    proFeatureCustomOcrDescription: 380cbb61746adcb9418677d9470377b9
    proServerRepo: ee9afc783d47ae67c9a10268447eb72b
    proAlreadyUnlocked: db45ac651a9efe35b1297a31ee652847
    proUnlock: 13e5be9856e01c9291de36bfd97667b9
    proUnlockWithPrice: 0f1d46cecd22f31ee3aef2abf311de77
    downloadsTitle: 28027f3f83d0160897d9b7ac9efb6dfa
    downloadsRecommendedStarterPackTitle: 864fdbc94631fb2bc9682a557ab26c74
    downloadsRecommendedStarterPackSubtitle: 32ca59d6c63573faf16257d698ba448b
    downloadsStarterPackJmdict: 1b3a71499a5e1b4deeb7878549d4c31b
    downloadsStarterPackWordFrequency: fa6acedfe0d469861c3bf1badf8e20b7
    downloadsInstallStarterPack: fdcacf0e10c4442b61020c047536c0b9
    downloadsSectionDictionaries: 45c66a61752c4a8f237cec2f28b98110
    downloadsSectionAssets: 97163b0aa35e30b36bb724428f7f8724
    downloadsFetchingLatestRelease: 5b99a40ccfbf87460162df121d3d0e91
    downloadsDownloadingPercent: 778b72f53368ccd75dfd52455f32d37c
    downloadsImporting: 10334c8b895fcab96c9e141ffa548e28
    downloadsExtractingFiles: 6f353f1f96773d0f0d41c98236b1af64
    downloadsJpdbAttribution: a7780107dcc6a57fe5cf8dab7418b42e
    downloadsKanjiStrokeOrderTitle: ebda8678b00614019744d67eddcd335e
    downloadsKanjiStrokeOrderDownloaded: 6309bd4b7614a6e97c9f12a2a40df434
    downloadsKanjiStrokeOrderDescription: 002a668d53171b471ab0e077db1a1a98
    downloadsDeleteKanjiDataTooltip: 6f4d0f03150117ede9ee54c211298992
    downloadsDeleteKanjiDataTitle: e374ae28a182aba9e5f32880c2c36317
    downloadsDeleteKanjiDataBody: 5b76e70a78d61cc45b411293812c8497
    downloadsWordFrequencyDownloaded: a39d970ea4dbd79078ed8dcc099342bd
    downloadsWordFrequencyDescription: 08b123952a7d4b4fdcee6e97f8d52f4e
    downloadsDeleteFrequencyDataTooltip: d547b4e29fe9efc888a29ab292765783
    downloadsDeleteFrequencyDataTitle: 987273bd75140edf60a77e338db99ca5
    downloadsDeleteFrequencyDataBody: 18700273adc2038a4998ebc142a58941
    downloadsJmdictDownloaded: 48247449283bc05ff54987a935f0f3a0
    downloadsJmdictDescription: ff7909ddcdb1b1f8dce9212323eefa4d
    downloadsDeleteJmdictTooltip: 99d108d072d3a7e7b55f46961fd4f6e6
    downloadsChooseJmdictVariant: 416e79013c9c20ad37bcef975ddd9f22
    downloadsJmdictStandardSubtitle: 8038f8b61ff7e8e40ef3165074e5ba2c
    downloadsJmdictExamplesTitle: abf0c67fa2b39b6fdfe5f54050492334
    downloadsJmdictExamplesSubtitle: 6932c1c254f9acb5bf523a2d6c292629
    downloadsDeleteJmdictTitle: 99d108d072d3a7e7b55f46961fd4f6e6
    downloadsDeleteJmdictBody: 5f7a135f6e6de6445bab05ef80b3810c
    downloadsKanjidicDownloaded: e0520123352345714510928b558b3cc2
    downloadsKanjidicDescription: a0801c2f72d0072c412d6004bd962ded
    downloadsDeleteKanjidicTooltip: 45d23696de8a0300162da89c2e4ac20d
    downloadsDeleteKanjidicTitle: 45d23696de8a0300162da89c2e4ac20d
    downloadsDeleteKanjidicBody: fd440a0df354e2749a336018c9fe800d
    commonClear: d4c069de3111b7a5df96f3703f199f2f
    commonSubmit: 7c91ef5f747eea9f77a9c4f23e19fb2e
    commonLoading: 82b4ea7ed1439094d7c4be13aaba9a66
    commonError: 3c95bcb32c2104b99a46f5b3dd015248
    commonRestore: 91b4fad20d5f2d8e17cb62999942d2b7
    settingsTitle: 8df6777277469c1fd88cc18dde2f1cc3
    settingsSectionGeneral: b891e8f15579fc5d97bcaf3637f5ae59
    settingsSectionAppearance: cdd8c41c5fb859234e8a603544fce631
    settingsSectionReadingDefaults: 72896d9a261272c628e2f4839b5f4c1e
    settingsSectionDictionary: 7a799edef739a367396b606b7da906a2
    settingsSectionVocabularyExport: 45a13274d3a77ea170b76648865921c9
    settingsSectionPro: 682b3c9feab30112b4454cb5bb7974b1
    settingsSectionMangaAutoCrop: 14b96f8abb76d0aacf67528191629690
    settingsSectionMangaOcr: 7a0a99c37712c0c84ec288fd03f33a06
    settingsSectionDownloads: 28027f3f83d0160897d9b7ac9efb6dfa
    settingsSectionBackupRestore: 00833ac17cfc8807167a18031b33cae0
    settingsSectionAboutFeedback: 69a8c8f217ac5009e583d8b364da4f3a
    settingsStartupScreenTitle: 29d2d6a7c4f5339e006b4dca920db77b
    settingsStartupScreenLibrary: 512895070bcbba02f534d584e7028ef4
    settingsStartupScreenDictionary: 7a799edef739a367396b606b7da906a2
    settingsStartupScreenLastRead: 0b884fa494c11e8dbd74d46e077cc989
    settingsThemeTitle: 21fe00b7a518089576fb83c08631107a
    settingsThemeLight: bb78ea2c6edd8662676c81a8a13ecb93
    settingsThemeDark: 73e6e208ba628b26e90fcf6dce15e1b2
    settingsThemeSystemDefault: b86b75074126596ed417c2a1cd32ed5d
    settingsColorThemeTitle: 064671dd37706d48a576c9bb86d76e99
    settingsColorThemeMekuruRed: 8ca04d5a9ed1dbac2219c2a868b23a22
    settingsColorThemeIndigo: 7c708929e5d550af32f872d5b3108870
    settingsColorThemeTeal: 5ca1e47fc98e9a1e483c05fbfb0c393d
    settingsColorThemeDeepPurple: eb0722612a53d56da5d9ab502e093032
    settingsColorThemeBlue: a5cf034b2d370a976119335cd99f4217
    settingsColorThemeGreen: 482ff383a4258357ba404f283682471d
    settingsColorThemeOrange: 836094fa3fcf7488957f6d7cba7c1f60
    settingsColorThemePink: d6c91bab1871309e1f3f304db218a2f9
    settingsColorThemeBlueGrey: 2404cba6c19ef24745222ef0473854f5
    settingsFontSizeTitle: ca44d14429b2175a1b194793b4ab8f6b
    settingsPointsValue: d206f7be84145f414e87d08655d03aa0
    settingsColorModeTitle: a9998e060ddcb45abc8296180f5a8e6d
    settingsColorModeNormal: d51cbea62adaba2a8a681d100bd3b120
    settingsColorModeSepia: e567a30b49ac816058dddb94e58e53dd
    settingsColorModeDark: 73e6e208ba628b26e90fcf6dce15e1b2
    settingsSepiaIntensityTitle: 4af8103cb711fd72d609b5cae88e4814
    settingsKeepScreenOnTitle: a80d5607dc799a39c084490d04c59797
    settingsKeepScreenOnSubtitle: 6acd5d2e3230234d270b0594d3ee3531
    settingsHorizontalMarginValue: b6e0cb0af8f8f10521f6b9dac896b646
    settingsVerticalMarginValue: 2b982ca451e4f72b56b33ca161dfcc64
    settingsSwipeSensitivityTitle: f4032903c4de265eda7b8c85bb8d10f9
    settingsPercentValue: 330959cf6c82eba3c700a944e4e4b58b
    settingsSwipeSensitivityHint: b3e03f9da8113bcb0b4026e1e330dab8
    settingsManageDictionariesSubtitle: 1b23a6ec0e212b71aa409b1301f98a99
    settingsLookupFontSizeTitle: ec58c0a9c15e7fd0a09b57496f82ccb0
    settingsFilterRomanLetterEntriesTitle: 1f1047c8d5b7995d30c24783e61be258
    settingsFilterRomanLetterEntriesSubtitle: 63b4712232c0153af6f43248f594d737
    settingsAutoFocusSearchTitle: a1d48134c33f39555a1762882ba801a3
    settingsAutoFocusSearchSubtitle: 5853eb32a44a4b57757239bd00dd4ba0
    settingsAnkiDroidIntegrationTitle: 11a6ddbd2a6d6244465b1c99cf1e2a17
    settingsAnkiDroidIntegrationSubtitle: bb96176726be361f3c9a31e3a907211f
    settingsProUnavailableSubtitle: d93931d80f680889bd2165f5d10d08c9
    settingsProSubtitle: 8c5769b277c8f3b813790eabeae93d55
    settingsWhiteThresholdTitle: e468a38bcbb031660eb9177937f89ccd
    settingsWhiteThresholdSubtitle: 43852a6a0e78525747739214b3e7c9e6
    settingsCustomOcrServerTitle: d9596821303f78f80b7138eb18ade979
    settingsCustomOcrServerUnavailableSubtitle: 288e11e8559f06387be39d72c37225a2
    settingsCustomOcrServerNotConfigured: 6568f3f3568744200553279410ce119c
    settingsCustomOcrServerConfigured: d20c5dee2e2c149dc43b9acc8d17cc2b
    settingsCustomOcrServerUrlLabel: 1fcda9c783f8294cba721d383c9601ee
    settingsCustomOcrServerLearnHow: ae155920ec6cf1bec9b0ee1110ccb2a2
    settingsCustomOcrServerKeyLabel: 7b9fb884146494ab24d6cea715e65d61
    settingsCustomOcrServerKeyHint: c57e8ded9c9df5e5976c36652be36838
    settingsCustomOcrServerDescription: f12c9d78c9caabb8eefc15c9f609802d
    settingsCustomOcrServerUrlRequired: 6ad7c86460359868ba115c9f9bb8a4b5
    settingsCustomOcrServerUrlInvalid: 2e5a983a7937a4f7ca9fa0adb23143a5
    settingsCustomOcrServerKeyRequired: 20409a19455ac99b33e259a5a3c63911
    settingsDownloadsSubtitle: 1c62da576900d85d5ee35caa5e846b65
    settingsBackupRestoreTitle: 00833ac17cfc8807167a18031b33cae0
    settingsBackupRestoreSubtitle: 045c4085d30b95b5f0c39d0b0493f0c0
    settingsSendFeedbackSubtitle: 182ddc8e6ecc1d264021000a7ecfb509
    settingsFeedbackThanks: 07edd8c50685a52c0969d711df26d768
    settingsFeedbackFailed: 25b0e492591993bb02fd05150af7f4b2
    settingsDocumentationTitle: 1563fcb5ddb5037b0709ccd3dd384a92
    settingsDocumentationSubtitle: 8f8b4977fa32051af981ddf3d5fc1eb3
    settingsAboutMekuruTitle: c9b5f16729099615a78b57396be8cbe4
    settingsAboutMekuruSubtitle: cf6b1ff58e50adf9d46a9faf6d420eae
    feedbackTitle: 6ed3709c5e5088310be3a40e2477a273
    feedbackNameLabel: 9368b5a047572b6051f334af5aa76819
    feedbackNameHint: b00c01deec0af9a441331a5134210de1
    feedbackEmailLabel: e7f34943a0c2fb849db1839ff6ef5cb5
    feedbackEmailHint: aff673ce92771063de944944da3d4346
    feedbackMessageLabel: f2f72126bd244cfc534eab395e054362
    feedbackRequired: fb920d8cc66c3b021780fde3c21607b2
    feedbackMessageHint: 34e9a2d722cb2ab13f70326fef9be84f
    feedbackMessageRequiredError: c19769cdc7ca46f05b6a7bc87bde2389
    backupTitle: 00833ac17cfc8807167a18031b33cae0
    backupSectionBackup: 347a6ced8293c55ed9945d1e0597958f
    backupCreateNowTitle: 2378e862d3b0151f9617e90bef1a79e2
    backupCreateNowSubtitle: b4867bf3084ff099b6ec71af54e3e26f
    backupExportTitle: 494383f1ccb7f1d58d83b105a795db13
    backupExportSubtitle: 30016285aac98e1e7df2d38d6c9506ac
    backupSaveFileDialogTitle: 129710e2640fedaa964c59a349175d1b
    backupSectionAutoBackup: d0758365e8f7afb17d49022042eddbe9
    backupAutoBackupIntervalTitle: 4be21bc12eb4f5461810de1d08214658
    backupIntervalOff: 7e33a70258401abe652c9f1b595fabda
    backupIntervalDaily: 5574eee83ead295147d3a9ae2e62bb8c
    backupIntervalWeekly: 9e687411dbf1248496a4ae5dd5391679
    backupSectionRestore: 91b4fad20d5f2d8e17cb62999942d2b7
    backupImportFileTitle: f3aa90a8c3bea7f000646225fc75e350
    backupImportFileSubtitle: 0ececab2f126549072e2e2fe429336a1
    backupSectionHistory: acb95d8f9e36ec5ea708cddcf83fc9b9
    backupNoBackupsYet: d2204cb391e4b10cc297def0313f6b2c
    backupErrorLoadingHistory: 0a8b93af8b411a00313a0ccca99d087d
    backupCreatedSuccess: c965e7f23c65b80f0ad211f5bd561d05
    backupFailed: 9e53fd734ca159e9f62a8c0c1cece8ff
    backupNoBackupsToExport: cad74abb01fecb4f9ce17ba789c3e249
    backupExportedSuccess: 7485b966348f20c79f8cc41dc1a1d8ae
    backupExportFailed: 8ae2a29420dbaf16f052f453536f1b38
    backupInvalidFile: 25f21acce61cf5d7e4c306c852ab5fcd
    backupCouldNotOpenFile: 3ffa8b0a6a45d51a3d0053de7d6d75fa
    backupRestoreFailed: 1b89673899401393fef0ef26249c8b05
    backupBooksUpdatedFromBackup: 33db8422e38dc8ffe42cf6bc12c15a21
    backupApplyBookDataFailed: 6310fdd99f513ba5d62bdb9e3606955c
    backupConflictDialogTitle: 3fe2c0301ddec6d36eb967155a599f36
    backupConflictDialogBody: cfc5dc190fbbfcb7c3666026a9685665
    backupConflictEntrySubtitle: d693efa0ca4f6127a27b5c60cfa35077
    backupConflictSkipAll: 567a4f6dcbb75272154fdecbbef29598
    backupConflictOverwriteSelected: 38492cde758948a0e0e43ae7064e1e16
    backupBookTypeEpub: 7c31549d0d86cfba900f2f6d8c8c59c5
    backupBookTypeManga: 09ab81b4986e6fbc44b511b59f769fb6
    backupRestoreSummarySettingsRestored: 54308ae2f72a5b91cf00d4e201060533
    backupRestoreSummarySettingsPartial: 5b54f72239dab573d30c92f7ddf4173d
    backupRestoreSummaryWords: ea9e1bef48919ea8972219d20368d920
    backupRestoreSummaryBooksRestored: f39f9220d9490798483e70938fb6f906
    backupRestoreSummaryBooksPending: f9c890a285067ab31fba6bd31f3259ee
    backupRestoreComplete: 3e7ab7b2e5be722fe47b7e587a974066
    backupRestoreDialogTitle: bf6998baaab0b36efea4ae20c7db3892
    backupRestoreDialogBody: d4dd6033f9ad89c83cfddee92e191abe
    backupDeleteDialogTitle: 60779715c73d8f8161641d570dcf6359
    backupDeleteDialogBody: 479e74941c6297d9a039cfba1722f430
    backupHistoryTypeAuto: 036a5853f5b4794009224f5f894fb437
    backupHistoryTypeManual: 3db1b6a24e0b96262e7911216f4f2e64
    readerDismiss: c2f298165cbfc17041b795065bfeb57c
    readerFailedToLoadContent: 5400f7e49dc274a3fd72826c25bbe861
    readerFailedToLoad: 0919486356ba43dcafa58bea32f61040
    readerVerticalTextNonNativeWarning: 2b39bf402169cb6c5ed67f03706a2829
    readerHorizontalTextNonNativeWarning: c23c14ec7b40cf787c6f430ae8c484e4
    readerBookmarkRemoved: 4ed707e19d1a1878ce947570244cdb1a
    readerPageBookmarked: 1f5f170249232143507f218e67a80b27
    readerTableOfContents: f7d9786d26952c6e4cb532f57233027b
    readerRemoveBookmarkTooltip: b84db5e2e4afe18ab5f2770aaf1a1345
    readerBookmarkPageTooltip: 075619c5212613187a0fd3903cd8d86e
    readerViewBookmarksTooltip: 54986bdc6cb0e43b5e7fcbae7409c790
    readerHighlightsTooltip: 1c1a597f2bd80968c58a99e08d534d23
    readerNextPageTooltip: 0efdcf9345e0496379aad92e6b4d3662
    readerPreviousPageTooltip: e46584c5ba3b7e4030b396594880e33f
    readerUnknownError: a50329fef189905873e78dc1e2f3ccdd
    readerQuickSettings: 2531cfb81cb31342078ba0aa74a7295e
    readerVerticalTextTitle: a3e8a3174c447fd9ad7eb968d9d7bef5
    readerThisBook: 738c58c810c7049fd2ae4787ef542509
    readerVerticalTextUnavailable: 8714bfd4873e39688254f448d800ac49
    readerReadingDirectionTitle: d514b2d77d354f25e4a497854e99d477
    readerReadingDirectionRtl: 490e046b7dfe7e633f6bf825249eb438
    readerReadingDirectionLtr: d794327d5f45cf1bf886122a606b215d
    readerDisableLinksTitle: 4f503491b06f9a54b097615651bf234f
    readerDisableLinksSubtitle: 31e6e03b2895a6b1b3a09a4f8754612e
    readerHighlightSelectionTooltip: 94b2a873e3563d262b4cc0aa204fc0e0
    commonCopy: 627c00d2c850b9b45f7341a6ac01b6bb
    commonShare: ab625547ab428626747e57f01d8abb06
    commonContinue: 3cfba90b4600131e82fc4260c568d044
    commonNotSelected: 99f4a49b8ce66c6a1bd7ecc01874b336
    commonUnknown: 5cd12b882fe90320f93130c1b50e2e32
    commonRename: 6f9413e4606e8d83a010685008fb2931
    commonTitleLabel: 344e64395eaff6822a57d18623853e1a
    libraryCouldNotReadFolder: 979cc9207ad03c02b31c36080a2fc7e1
    libraryBookmarksTitle: 1d2d5ebbbed754e8137ad728c4a51787
    libraryChangeCoverAction: 23bf6f1ad24f9ae6878873cfaca3f22a
    libraryRenameBookTitle: 86d4156e2352f29a467a9db83a43d3b3
    libraryDeleteBookTitle: 59d6be9a374dff65ed0b69a051cc3818
    libraryDeleteBookBody: ef254af845697ad07d17db720b15d3e0
    libraryChangeCoverFailed: b383de2a46d8bfa1c6d58eb2aed554d1
    dictionaryManagerTitle: edfb3e1725bcecd75ed8b4d641a89f9e
    dictionaryManagerImportTooltip: 5aa56e6a102e634acb73006b2e696fb5
    dictionaryManagerEmptySubtitle: 34955b305c3c572c59d5fb5eca926ad7
    dictionaryManagerBrowseDownloads: 334f7df9ed0f01105c9564de1878620e
    dictionaryManagerBrowseDownloadsCaption: 987c24792192633f40776258add69655
    dictionaryManagerImportedOn: f653b9e9fc47c464b8a41043fc9de37b
    dictionaryManagerSupportedFormatsTitle: 8968060a5147e76674097185fb382ebd
    dictionaryManagerSupportedFormatsYomitan: fa61e694972d7489d6ac8cc4d5861de3
    dictionaryManagerSupportedFormatsCollection: 220a22efabe04273a45df5d235bc7107
    dictionaryManagerOrderTitle: 08a7db02394e6e46a225bee66d68ac97
    dictionaryManagerOrderBody: 04a521c846f9229e03d99595ae1943b9
    dictionaryManagerEnablingTitle: b5dfa66ff7918e53bb206bead464b27a
    dictionaryManagerEnablingBody: 5c709422254de72a764d068fd314d345
    dictionaryManagerFindingTitle: aac411c1b99c42f2c9f64ea28178cc5f
    dictionaryManagerFindingPrefix: f01912fbb6f1ece3094aa0103c2b4bb4
    dictionaryManagerDeleteTitle: f511fadb84cb4ac844165d3a1abad699
    dictionaryManagerDeleteBody: ba80ed6a7371782505d192a5b95cb17c
    ankidroidDataSourceExpression: 49ef1a06571b2f155b0a7f3fa81ace6f
    ankidroidDataSourceReading: 9d93f1dff4a01a9e1566f23b401b8868
    ankidroidDataSourceFurigana: d1063664d6423bfa839bbf5e7945b6b7
    ankidroidDataSourceGlossary: 6f3a11b7f8fa3eed52483bbe115f1495
    ankidroidDataSourceSentenceContext: 88d56518e54323d5b3f97788f387ddeb
    ankidroidDataSourceFrequency: 270b91b3d126757760821f12f3c55d18
    ankidroidDataSourceDictionaryName: 4f74179bd6aa308d8f8a9ac0e6955ba1
    ankidroidDataSourcePitchAccent: 1419921b5ba51ec9cd74b8a0fb5db15d
    ankidroidDataSourceEmpty: 3731fa785c1a7f947df401e0d2553433
    ankidroidPermissionNotGrantedLong: f2954bf88a53709f448693aa143043aa
    ankidroidCouldNotConnectLong: c55f3a31dc423327486ab6db02f64de1
    ankidroidPermissionNotGrantedShort: d8f981d3448f39973de9edcf9aa0ff4a
    ankidroidCouldNotConnectShort: d5cb2f9a6850d34bdd0c60ee848050e4
    ankidroidFailedToAddNote: 2547cfd651ca7f59ef505bc7322bd6a8
    ankidroidSettingsNoteTypeSection: f0992be9fe0cef27c5bceecb169a6e7d
    ankidroidSettingsNoteTypeTitle: 790195717c07df40614be4f9dc6ab91d
    ankidroidSettingsDefaultDeckSection: 8c41986a9416ea072d6ea986cc7ecbe8
    ankidroidSettingsTargetDeckTitle: 6e9e836c381e789083022231ca63870e
    ankidroidSettingsFieldMappingSection: d2c787668a0ae02dc932712de8433c7e
    ankidroidSettingsFieldMappingHelp: 39e4414ed4288a7b884238c9f748a4bf
    ankidroidSettingsDefaultTagsSection: 86fd4b635688c121c91ce13fdef69158
    ankidroidSettingsDefaultTagsHelp: feb30a9c9e273b632b7c0ed979711171
    ankidroidTagsHint: 23f0b6511a2c2d4cf555e8568987914d
    ankidroidSettingsSelectNoteType: 6593cf191d07cb5878a4fadde4f4607e
    ankidroidSettingsSelectDeck: 8cf8e1b6940233ccbb160e135ad6bf8e
    ankidroidSettingsMapFieldTo: 04b72b2481a5cfc5a7fcf70cbe244b16
    ankidroidCardSettingsTooltip: c37d2b6ba553e8235c01e1a381d666ee
    ankidroidCardDeckTitle: 15e9d1b2584de9242143bc6a86468d42
    ankidroidCardTagsTitle: 97813c8ae67d69575fd04e35a88aed0c
    ankidroidCardAddToAnki: 36b542555d808dbe3eae2ced77fc9480
    mangaReaderSettingsTitle: ac51a49142a72305b5ee99c8f569442c
    mangaViewModeSingle: fb424ea5d536ce85516529e586149147
    mangaViewModeSpread: bba9c936f66106c428ae44d09959782a
    mangaViewModeScroll: 78af154d4057b238ddc002607058ee2d
    mangaAutoCropSubtitle: 8e8c82829b05e2607c7c87777a3f6d94
    mangaAutoCropRerunTitle: 271b43e899fc4023171cf1679d2e4226
    mangaAutoCropRerunSubtitle: e9f54c6034dd65902cb21e6d1d08696c
    mangaTransparentLookupTitle: 3489051a71a5c6527380cab60b220e44
    mangaTransparentLookupSubtitle: 382c6767c4eaaa4825d217cd09a3c23d
    mangaDebugWordOverlayTitle: de4f659bd93aac3b54f21fc0b293dc62
    mangaDebugWordOverlaySubtitle: 980bb6db1aaf120df7540debc9d484cd
    mangaAutoCropComputeTitle: 15c9f700850f4cd6ad99d13ab87af582
    mangaAutoCropComputeBody: 99be2ac33f9831e2fea550bedcec5d96
    mangaAutoCropRerunDialogTitle: 8edfb194f7177ba35e6546776cde3664
    mangaAutoCropRerunDialogBody: 2149bf9e9a5d9c844c590f116abe8d92
    mangaAutoCropComputingProgress: c044e629c6c3a803dc2656028862d498
    mangaAutoCropRecomputingProgress: 4dd8d5df3797a42e0e2046774ab404e0
    mangaAutoCropBoundsRefreshed: c01d1889403b26ba9846919ba044b0de
    mangaAutoCropSetupFailed: 1bd043995aa9635fcb01590d44b88504
    ocrNoPagesCacheFound: f5027657de74c62407581de2a001a646
    ocrAlreadyCompleteResetHint: 4d75d69f6db70097d9d5fd374a461edf
    ocrMangaImageDirectoryNotFound: db529d567fdf444c1b80b08c5fceaa24
    ocrBuildWordOverlaysTitle: c0deb07b5289d7d646a02cfe8ba98b33
    ocrBuildWordOverlaysBody: ddb48500dd0e885783cb6cd0f9579061
    ocrRunActionTitle: 299cf5931610133b0aa7d938342ddef7
    ocrProcessPagesBody: 495744f5457b92eb44447a6409892085
    ocrProcessAction: b2021063fb6751438022a7a4a4c4a2b5
    ocrStartAction: dbe56303d9a6d3fad1a8d4cbcc97f365
    ocrPrepareFailed: f15095a5bc066e861ab0c732bb4808eb
    ocrStartFailed: de615a97392d2166e2e194f53c3dec44
    ocrWordOverlayStartedBackground: f6b6e1242f3f0bdea17d657508909704
    ocrStartedBackground: df3b087d1fab74ef1dd057555c8fa43b
    ocrCancelActionTitle: 9d11022857cd34c2935d8f71635faa31
    ocrCancelSavedProgress: 066cd1f41903c88ab47872130327af27
    ocrReplaceActionTitle: 23eec427dce09fc54a8545f309ab0aa2
    ocrReplaceMokuroBody: 56b67e95203eb101a822af1275e16d5a
    ocrReplaceStartedBackground: e730e2c3c5ba2e68ead11dfdcc89f957
    ocrRemoveActionTitle: 7d3cfbefb416fc21824298ea6387b50b
    ocrRemoveBody: aaad242395520b8a89dfaad6cbc70651
    ocrRemoveSubtitle: 7e55f5866f2d50b61470387558ff2731
    ocrRemovedFromBook: 1da33dca3991dc9f9251bb82355dbe0e
    ocrRemoveFailed: d3053364ec28056dc92c9c06cbb20ed7
    ocrUnlockProSubtitle: 8b92adbb56e11b5712b835821a356270
    ocrStopAndSaveProgressSubtitle: b6fd746502506810392b2bbe6e0d918a
    ocrReplaceMokuroSubtitle: 38df4aa9acb4c195c76f2acb654aa7d9
    ocrBuildWordTargetsSubtitle: 866a58587ce0ac11cd76e6f57261417b
    ocrResumeSubtitle: 365d5dc745222dbda0605a0786c30a69
    ocrRecognizeAllPagesSubtitle: f121d8c4e4031de6274d96dd37c37fb0
    readerEditNoteTitle: 541e245cbde3fb47f90b528d3007c512
    readerAddNoteHint: 0ad3fab3655e8efe9019fa49fca9889f
    readerCopiedToClipboard: 6a3c394a9a51646bad2f72d7311b242d
    aboutPrivacyPolicyTitle: 7459744a63ef8af4e517a09024bd7c08
    aboutPrivacyPolicySubtitle: 36bec92b902f0019e405674da06d6f19
    aboutOpenSourceLicensesTitle: 29550761ebb9c79e78b649472e14cf1c
    aboutOpenSourceLicensesSubtitle: b931aa0e684c00179c76a2c2130df0c4
    aboutTagline: 26d67968a9197392f62e5a8778453652
    aboutEpubJsLicenseTitle: 0dd59d4dd1e3b5fa4e03f564a2d07117
    downloadsKanjidicTitle: 1ab21a132ed1a1a4e6614708611ea0df
    readerBookmarksTitle: 1d2d5ebbbed754e8137ad728c4a51787
    readerNoBookmarksYet: 51191aecc9f586a7f07f31e3f255d438
    readerBookmarkProgressDate: 9f1a973834841a119e01f5ef37da70ff
    aboutVersion: b519bdc0f1dfa0134ef3d0fb98f51cde
    aboutDescription: ec7a763a6d1b9cbc7c5ab6e25cf2b843
    aboutAttributionTitle: e4c35da72f09ba9016246580f99fd9d9
    aboutKanjiVgTitle: b0d9870eb290b50072db15737967ee60
    aboutKanjiVgDescription: 52a43210dc123066e6d9df59648db265
    aboutLicensedUnderPrefix: 8919c4998fc4f99bdcf746bc6b9c1595
    aboutLicenseSuffix: e29b7c9a719f2a3853a13795dc2f35f7
    aboutProjectLabel: 9ec97926f88de42ea43fbc246ff97212
    aboutSourceLabel: 57f4cd4fa42832eaa9e761507e6c1062
    aboutJpdbTitle: 8b9cc1ad7f0edd36e1288ba75b38f6b5
    aboutJpdbDescription: cbe3265f484917d4490c58e07630cd22
    aboutDataSourceLabel: 0bcd03fa9fd22af39ad73ff95196a7e6
    aboutDictionaryLabel: b2e2095436b43dd2615f2e8575a3b553
    aboutJmdictKanjidicTitle: 6b8ba12bad2bca6a89cf56b48c3f33c9
    aboutJmdictKanjidicDescriptionPrefix: f387ec32242a923b7978e5e71fc76e06
    aboutJmdictLabel: 55da177f9b7ae18a3e95fec09dcea9d0
    aboutKanjidicLabel: ca7e8bcd12cbb61bd4f2ed36498326bc
    aboutEpubJsTitle: 228c0e4cea614f7df3f1dc01bc01e753
    aboutEpubJsDescription: 63d32fbe5e89fff731c3c09a289bd49c
